
Microsoft Visual Studio Solution File, Format Version 12.00
# Visual Studio 2017
Project("{FAE04EC0-301F-11D3-BF4B-00C04F79EFBC}") = "enemy AI", "enemy AI.csproj", "{48254F15-27D0-3C76-81EC-48CD42F5948D}"
EndProject
Project("{FAE04EC0-301F-11D3-BF4B-00C04F79EFBC}") = "enemy AI.Editor", "enemy AI.Editor.csproj", "{440E173A-5292-D761-CEA5-B141706DBD67}"
EndProject
Global
	GlobalSection(SolutionConfigurationPlatforms) = preSolution
		Debug|Any CPU = Debug|Any CPU
		Release|Any CPU = Release|Any CPU
	EndGlobalSection
	GlobalSection(ProjectConfigurationPlatforms) = postSolution
		{48254F15-27D0-3C76-81EC-48CD42F5948D}.Debug|Any CPU.ActiveCfg = Debug|Any CPU
		{48254F15-27D0-3C76-81EC-48CD42F5948D}.Debug|Any CPU.Build.0 = Debug|Any CPU
		{48254F15-27D0-3C76-81EC-48CD42F5948D}.Release|Any CPU.ActiveCfg = Release|Any CPU
		{48254F15-27D0-3C76-81EC-48CD42F5948D}.Release|Any CPU.Build.0 = Release|Any CPU
		{440E173A-5292-D761-CEA5-B141706DBD67}.Debug|Any CPU.ActiveCfg = Debug|Any CPU
		{440E173A-5292-D761-CEA5-B141706DBD67}.Debug|Any CPU.Build.0 = Debug|Any CPU
		{440E173A-5292-D761-CEA5-B141706DBD67}.Release|Any CPU.ActiveCfg = Release|Any CPU
		{440E173A-5292-D761-CEA5-B141706DBD67}.Release|Any CPU.Build.0 = Release|Any CPU
	EndGlobalSection
	GlobalSection(SolutionProperties) = preSolution
		HideSolutionNode = FALSE
	EndGlobalSection
EndGlobal
