
Microsoft Visual Studio Solution File, Format Version 11.00
# Visual Studio 2010
Project("{FAE04EC0-301F-11D3-BF4B-00C04F79EFBC}") = "Project3-RPG", "Assembly-CSharp.csproj", "{217B3862-E542-0368-8697-A3BACEA05171}"
EndProject
Project("{FAE04EC0-301F-11D3-BF4B-00C04F79EFBC}") = "Project3-RPG", "Assembly-CSharp-Editor.csproj", "{B6AD947A-2E64-4533-EC8B-4246BBFE709B}"
EndProject
Global
	GlobalSection(SolutionConfigurationPlatforms) = preSolution
		Debug|Any CPU = Debug|Any CPU
		Release|Any CPU = Release|Any CPU
	EndGlobalSection
	GlobalSection(ProjectConfigurationPlatforms) = postSolution
		{217B3862-E542-0368-8697-A3BACEA05171}.Debug|Any CPU.ActiveCfg = Debug|Any CPU
		{217B3862-E542-0368-8697-A3BACEA05171}.Debug|Any CPU.Build.0 = Debug|Any CPU
		{217B3862-E542-0368-8697-A3BACEA05171}.Release|Any CPU.ActiveCfg = Release|Any CPU
		{217B3862-E542-0368-8697-A3BACEA05171}.Release|Any CPU.Build.0 = Release|Any CPU
		{B6AD947A-2E64-4533-EC8B-4246BBFE709B}.Debug|Any CPU.ActiveCfg = Debug|Any CPU
		{B6AD947A-2E64-4533-EC8B-4246BBFE709B}.Debug|Any CPU.Build.0 = Debug|Any CPU
		{B6AD947A-2E64-4533-EC8B-4246BBFE709B}.Release|Any CPU.ActiveCfg = Release|Any CPU
		{B6AD947A-2E64-4533-EC8B-4246BBFE709B}.Release|Any CPU.Build.0 = Release|Any CPU
	EndGlobalSection
	GlobalSection(SolutionProperties) = preSolution
		HideSolutionNode = FALSE
	EndGlobalSection
	GlobalSection(MonoDevelopProperties) = preSolution
		StartupItem = Assembly-CSharp.csproj
	EndGlobalSection
EndGlobal
